
Microsoft Visual Studio Solution File, Format Version 12.00
# Visual Studio Version 17
VisualStudioVersion = 17.9.34728.123
MinimumVisualStudioVersion = 10.0.40219.1
Project("{FAE04EC0-301F-11D3-BF4B-00C04F79EFBC}") = "TestesGerenciamentoPedidos", "TestesGerenciamentoPedidos\TestesGerenciamentoPedidos.csproj", "{DC0031F4-DB76-428B-9CA1-47EAB0E0540B}"
EndProject
Project("{FAE04EC0-301F-11D3-BF4B-00C04F79EFBC}") = "WebGereciamentoPedidos", "WebGereciamentoPedidos\WebGereciamentoPedidos.csproj", "{D3A4C337-A8DA-4949-AA91-754CF443CD29}"
EndProject
Project("{FAE04EC0-301F-11D3-BF4B-00C04F79EFBC}") = "ModelsGerenciamentoPedidos", "ModelsGerenciamentoPedidos\ModelsGerenciamentoPedidos.csproj", "{3551A45A-4117-4969-828F-D1298922BE39}"
EndProject
Project("{FAE04EC0-301F-11D3-BF4B-00C04F79EFBC}") = "DAOGerenciamentoPedidos", "DAOGerenciamentoPedidos\DAOGerenciamentoPedidos.csproj", "{98D10E97-6230-4C37-ADD9-A7E2017DCF39}"
EndProject
Project("{2150E333-8FDC-42A3-9474-1A3956D46DE8}") = "DAO", "DAO", "{0E5B5436-8FC1-4AB6-B057-A8C3856B3EBE}"
EndProject
Project("{2150E333-8FDC-42A3-9474-1A3956D46DE8}") = "Models", "Models", "{A1BAF085-273C-457D-9DBE-908713AC9432}"
EndProject
Project("{2150E333-8FDC-42A3-9474-1A3956D46DE8}") = "Testes", "Testes", "{D3A2F8F6-73C7-4E26-B7C6-1591D880F71B}"
EndProject
Project("{2150E333-8FDC-42A3-9474-1A3956D46DE8}") = "Web", "Web", "{83B0BBAF-07C4-4AE4-8C58-3402EB122EA7}"
EndProject
Project("{2150E333-8FDC-42A3-9474-1A3956D46DE8}") = "Utils", "Utils", "{25DE94C4-F076-4328-8F04-F014F701A3E2}"
EndProject
Project("{FAE04EC0-301F-11D3-BF4B-00C04F79EFBC}") = "UtilsGerenciamentoPedidos", "UtilsGerenciamentoPedidos\UtilsGerenciamentoPedidos.csproj", "{E8505AC8-6139-43E0-AD6F-2072ED6208CD}"
EndProject
Project("{2150E333-8FDC-42A3-9474-1A3956D46DE8}") = "Console", "Console", "{B44A21F6-625E-4131-9054-B73C70B1DE98}"
EndProject
Project("{FAE04EC0-301F-11D3-BF4B-00C04F79EFBC}") = "ConsoleTestes", "ConsoleTestes\ConsoleTestes.csproj", "{83248FCB-724C-498D-8A9D-8D3A61600581}"
EndProject
Project("{FAE04EC0-301F-11D3-BF4B-00C04F79EFBC}") = "DAOGerenciamentoPedidos.Test", "DAOGerenciamentoPedidos.Test\DAOGerenciamentoPedidos.Test.csproj", "{BBB80013-D8CE-4F7F-9500-9F0EA0FA7578}"
EndProject
Project("{FAE04EC0-301F-11D3-BF4B-00C04F79EFBC}") = "ModelsGerenciamentoPedidos.Test", "ModelsGerenciamentoPedidos.Test\ModelsGerenciamentoPedidos.Test.csproj", "{80F67CA0-04C7-413C-9146-932203C3FA50}"
EndProject
Global
	GlobalSection(SolutionConfigurationPlatforms) = preSolution
		Debug|Any CPU = Debug|Any CPU
		Release|Any CPU = Release|Any CPU
	EndGlobalSection
	GlobalSection(ProjectConfigurationPlatforms) = postSolution
		{DC0031F4-DB76-428B-9CA1-47EAB0E0540B}.Debug|Any CPU.ActiveCfg = Debug|Any CPU
		{DC0031F4-DB76-428B-9CA1-47EAB0E0540B}.Debug|Any CPU.Build.0 = Debug|Any CPU
		{DC0031F4-DB76-428B-9CA1-47EAB0E0540B}.Release|Any CPU.ActiveCfg = Release|Any CPU
		{DC0031F4-DB76-428B-9CA1-47EAB0E0540B}.Release|Any CPU.Build.0 = Release|Any CPU
		{D3A4C337-A8DA-4949-AA91-754CF443CD29}.Debug|Any CPU.ActiveCfg = Debug|Any CPU
		{D3A4C337-A8DA-4949-AA91-754CF443CD29}.Debug|Any CPU.Build.0 = Debug|Any CPU
		{D3A4C337-A8DA-4949-AA91-754CF443CD29}.Release|Any CPU.ActiveCfg = Release|Any CPU
		{D3A4C337-A8DA-4949-AA91-754CF443CD29}.Release|Any CPU.Build.0 = Release|Any CPU
		{3551A45A-4117-4969-828F-D1298922BE39}.Debug|Any CPU.ActiveCfg = Debug|Any CPU
		{3551A45A-4117-4969-828F-D1298922BE39}.Debug|Any CPU.Build.0 = Debug|Any CPU
		{3551A45A-4117-4969-828F-D1298922BE39}.Release|Any CPU.ActiveCfg = Release|Any CPU
		{3551A45A-4117-4969-828F-D1298922BE39}.Release|Any CPU.Build.0 = Release|Any CPU
		{98D10E97-6230-4C37-ADD9-A7E2017DCF39}.Debug|Any CPU.ActiveCfg = Debug|Any CPU
		{98D10E97-6230-4C37-ADD9-A7E2017DCF39}.Debug|Any CPU.Build.0 = Debug|Any CPU
		{98D10E97-6230-4C37-ADD9-A7E2017DCF39}.Release|Any CPU.ActiveCfg = Release|Any CPU
		{98D10E97-6230-4C37-ADD9-A7E2017DCF39}.Release|Any CPU.Build.0 = Release|Any CPU
		{E8505AC8-6139-43E0-AD6F-2072ED6208CD}.Debug|Any CPU.ActiveCfg = Debug|Any CPU
		{E8505AC8-6139-43E0-AD6F-2072ED6208CD}.Debug|Any CPU.Build.0 = Debug|Any CPU
		{E8505AC8-6139-43E0-AD6F-2072ED6208CD}.Release|Any CPU.ActiveCfg = Release|Any CPU
		{E8505AC8-6139-43E0-AD6F-2072ED6208CD}.Release|Any CPU.Build.0 = Release|Any CPU
		{83248FCB-724C-498D-8A9D-8D3A61600581}.Debug|Any CPU.ActiveCfg = Debug|Any CPU
		{83248FCB-724C-498D-8A9D-8D3A61600581}.Debug|Any CPU.Build.0 = Debug|Any CPU
		{83248FCB-724C-498D-8A9D-8D3A61600581}.Release|Any CPU.ActiveCfg = Release|Any CPU
		{83248FCB-724C-498D-8A9D-8D3A61600581}.Release|Any CPU.Build.0 = Release|Any CPU
		{BBB80013-D8CE-4F7F-9500-9F0EA0FA7578}.Debug|Any CPU.ActiveCfg = Debug|Any CPU
		{BBB80013-D8CE-4F7F-9500-9F0EA0FA7578}.Debug|Any CPU.Build.0 = Debug|Any CPU
		{BBB80013-D8CE-4F7F-9500-9F0EA0FA7578}.Release|Any CPU.ActiveCfg = Release|Any CPU
		{BBB80013-D8CE-4F7F-9500-9F0EA0FA7578}.Release|Any CPU.Build.0 = Release|Any CPU
		{80F67CA0-04C7-413C-9146-932203C3FA50}.Debug|Any CPU.ActiveCfg = Debug|Any CPU
		{80F67CA0-04C7-413C-9146-932203C3FA50}.Debug|Any CPU.Build.0 = Debug|Any CPU
		{80F67CA0-04C7-413C-9146-932203C3FA50}.Release|Any CPU.ActiveCfg = Release|Any CPU
		{80F67CA0-04C7-413C-9146-932203C3FA50}.Release|Any CPU.Build.0 = Release|Any CPU
	EndGlobalSection
	GlobalSection(SolutionProperties) = preSolution
		HideSolutionNode = FALSE
	EndGlobalSection
	GlobalSection(NestedProjects) = preSolution
		{DC0031F4-DB76-428B-9CA1-47EAB0E0540B} = {D3A2F8F6-73C7-4E26-B7C6-1591D880F71B}
		{D3A4C337-A8DA-4949-AA91-754CF443CD29} = {83B0BBAF-07C4-4AE4-8C58-3402EB122EA7}
		{3551A45A-4117-4969-828F-D1298922BE39} = {A1BAF085-273C-457D-9DBE-908713AC9432}
		{98D10E97-6230-4C37-ADD9-A7E2017DCF39} = {0E5B5436-8FC1-4AB6-B057-A8C3856B3EBE}
		{E8505AC8-6139-43E0-AD6F-2072ED6208CD} = {25DE94C4-F076-4328-8F04-F014F701A3E2}
		{83248FCB-724C-498D-8A9D-8D3A61600581} = {B44A21F6-625E-4131-9054-B73C70B1DE98}
		{BBB80013-D8CE-4F7F-9500-9F0EA0FA7578} = {0E5B5436-8FC1-4AB6-B057-A8C3856B3EBE}
		{80F67CA0-04C7-413C-9146-932203C3FA50} = {A1BAF085-273C-457D-9DBE-908713AC9432}
	EndGlobalSection
	GlobalSection(ExtensibilityGlobals) = postSolution
		SolutionGuid = {8BD40E64-4090-4B78-B46E-5908BB1237D9}
	EndGlobalSection
EndGlobal
